// !$*UTF8*$!
{
	archiveVersion = 1;
	classes = {
	};
	objectVersion = 48;
	objects = {

/* Begin PBXBuildFile section */
		1911A3311FAD360B0097AB68 /* AppDelegate.swift in Sources */ = {isa = PBXBuildFile; fileRef = 1911A3301FAD360B0097AB68 /* AppDelegate.swift */; };
		1911A3331FAD360B0097AB68 /* ViewController.swift in Sources */ = {isa = PBXBuildFile; fileRef = 1911A3321FAD360B0097AB68 /* ViewController.swift */; };
		1911A3361FAD360B0097AB68 /* Main.storyboard in Resources */ = {isa = PBXBuildFile; fileRef = 1911A3341FAD360B0097AB68 /* Main.storyboard */; };
		1911A3381FAD360C0097AB68 /* Assets.xcassets in Resources */ = {isa = PBXBuildFile; fileRef = 1911A3371FAD360C0097AB68 /* Assets.xcassets */; };
		1911A33B1FAD360C0097AB68 /* LaunchScreen.storyboard in Resources */ = {isa = PBXBuildFile; fileRef = 1911A3391FAD360C0097AB68 /* LaunchScreen.storyboard */; };
		1911A3431FAD382C0097AB68 /* CameraViewController.swift in Sources */ = {isa = PBXBuildFile; fileRef = 1911A3421FAD382C0097AB68 /* CameraViewController.swift */; };
		1911A3451FAD63B50097AB68 /* EmailViewController.swift in Sources */ = {isa = PBXBuildFile; fileRef = 1911A3441FAD63B50097AB68 /* EmailViewController.swift */; };
/* End PBXBuildFile section */

/* Begin PBXFileReference section */
		1911A32D1FAD360B0097AB68 /* KeepInTouch.app */ = {isa = PBXFileReference; explicitFileType = wrapper.application; includeInIndex = 0; path = KeepInTouch.app; sourceTree = BUILT_PRODUCTS_DIR; };
		1911A3301FAD360B0097AB68 /* AppDelegate.swift */ = {isa = PBXFileReference; lastKnownFileType = sourcecode.swift; path = AppDelegate.swift; sourceTree = "<group>"; };
		1911A3321FAD360B0097AB68 /* ViewController.swift */ = {isa = PBXFileReference; lastKnownFileType = sourcecode.swift; path = ViewController.swift; sourceTree = "<group>"; };
		1911A3351FAD360B0097AB68 /* Base */ = {isa = PBXFileReference; lastKnownFileType = file.storyboard; name = Base; path = Base.lproj/Main.storyboard; sourceTree = "<group>"; };
		1911A3371FAD360C0097AB68 /* Assets.xcassets */ = {isa = PBXFileReference; lastKnownFileType = folder.assetcatalog; path = Assets.xcassets; sourceTree = "<group>"; };
		1911A33A1FAD360C0097AB68 /* Base */ = {isa = PBXFileReference; lastKnownFileType = file.storyboard; name = Base; path = Base.lproj/LaunchScreen.storyboard; sourceTree = "<group>"; };
		1911A33C1FAD360C0097AB68 /* Info.plist */ = {isa = PBXFileReference; lastKnownFileType = text.plist.xml; path = Info.plist; sourceTree = "<group>"; };
		1911A3421FAD382C0097AB68 /* CameraViewController.swift */ = {isa = PBXFileReference; lastKnownFileType = sourcecode.swift; path = CameraViewController.swift; sourceTree = "<group>"; };
		1911A3441FAD63B50097AB68 /* EmailViewController.swift */ = {isa = PBXFileReference; lastKnownFileType = sourcecode.swift; path = EmailViewController.swift; sourceTree = "<group>"; };
/* End PBXFileReference section */

/* Begin PBXFrameworksBuildPhase section */
		1911A32A1FAD360A0097AB68 /* Frameworks */ = {
			isa = PBXFrameworksBuildPhase;
			buildActionMask = 2147483647;
			files = (
			);
			runOnlyForDeploymentPostprocessing = 0;
		};
/* End PBXFrameworksBuildPhase section */

/* Begin PBXGroup section */
		1911A3241FAD360A0097AB68 = {
			isa = PBXGroup;
			children = (
				1911A32F1FAD360B0097AB68 /* KeepInTouch */,
				1911A32E1FAD360B0097AB68 /* Products */,
			);
			sourceTree = "<group>";
		};
		1911A32E1FAD360B0097AB68 /* Products */ = {
			isa = PBXGroup;
			children = (
				1911A32D1FAD360B0097AB68 /* KeepInTouch.app */,
			);
			name = Products;
			sourceTree = "<group>";
		};
		1911A32F1FAD360B0097AB68 /* KeepInTouch */ = {
			isa = PBXGroup;
			children = (
				1911A3301FAD360B0097AB68 /* AppDelegate.swift */,
				1911A3321FAD360B0097AB68 /* ViewController.swift */,
				1911A3341FAD360B0097AB68 /* Main.storyboard */,
				1911A3371FAD360C0097AB68 /* Assets.xcassets */,
				1911A3391FAD360C0097AB68 /* LaunchScreen.storyboard */,
				1911A33C1FAD360C0097AB68 /* Info.plist */,
				1911A3421FAD382C0097AB68 /* CameraViewController.swift */,
				1911A3441FAD63B50097AB68 /* EmailViewController.swift */,
			);
			path = KeepInTouch;
			sourceTree = "<group>";
		};
/* End PBXGroup section */

/* Begin PBXNativeTarget section */
		1911A32C1FAD360A0097AB68 /* KeepInTouch */ = {
			isa = PBXNativeTarget;
			buildConfigurationList = 1911A33F1FAD360C0097AB68 /* Build configuration list for PBXNativeTarget "KeepInTouch" */;
			buildPhases = (
				1911A3291FAD360A0097AB68 /* Sources */,
				1911A32A1FAD360A0097AB68 /* Frameworks */,
				1911A32B1FAD360A0097AB68 /* Resources */,
			);
			buildRules = (
			);
			dependencies = (
			);
			name = KeepInTouch;
			productName = KeepInTouch;
			productReference = 1911A32D1FAD360B0097AB68 /* KeepInTouch.app */;
			productType = "com.apple.product-type.application";
		};
/* End PBXNativeTarget section */

/* Begin PBXProject section */
		1911A3251FAD360A0097AB68 /* Project object */ = {
			isa = PBXProject;
			attributes = {
				LastSwiftUpdateCheck = 0910;
				LastUpgradeCheck = 0910;
				ORGANIZATIONNAME = "Mitchell Gant";
				TargetAttributes = {
					1911A32C1FAD360A0097AB68 = {
						CreatedOnToolsVersion = 9.1;
						ProvisioningStyle = Automatic;
					};
				};
			};
			buildConfigurationList = 1911A3281FAD360A0097AB68 /* Build configuration list for PBXProject "KeepInTouch" */;
			compatibilityVersion = "Xcode 8.0";
			developmentRegion = en;
			hasScannedForEncodings = 0;
			knownRegions = (
				en,
				Base,
			);
			mainGroup = 1911A3241FAD360A0097AB68;
			productRefGroup = 1911A32E1FAD360B0097AB68 /* Products */;
			projectDirPath = "";
			projectRoot = "";
			targets = (
				1911A32C1FAD360A0097AB68 /* KeepInTouch */,
			);
		};
/* End PBXProject section */

/* Begin PBXResourcesBuildPhase section */
		1911A32B1FAD360A0097AB68 /* Resources */ = {
			isa = PBXResourcesBuildPhase;
			buildActionMask = 2147483647;
			files = (
				1911A33B1FAD360C0097AB68 /* LaunchScreen.storyboard in Resources */,
				1911A3381FAD360C0097AB68 /* Assets.xcassets in Resources */,
				1911A3361FAD360B0097AB68 /* Main.storyboard in Resources */,
			);
			runOnlyForDeploymentPostprocessing = 0;
		};
/* End PBXResourcesBuildPhase section */

/* Begin PBXSourcesBuildPhase section */
		1911A3291FAD360A0097AB68 /* Sources */ = {
			isa = PBXSourcesBuildPhase;
			buildActionMask = 2147483647;
			files = (
				1911A3331FAD360B0097AB68 /* ViewController.swift in Sources */,
				1911A3311FAD360B0097AB68 /* AppDelegate.swift in Sources */,
				1911A3431FAD382C0097AB68 /* CameraViewController.swift in Sources */,
				1911A3451FAD63B50097AB68 /* EmailViewController.swift in Sources */,
			);
			runOnlyForDeploymentPostprocessing = 0;
		};
/* End PBXSourcesBuildPhase section */

/* Begin PBXVariantGroup section */
		1911A3341FAD360B0097AB68 /* Main.storyboard */ = {
			isa = PBXVariantGroup;
			children = (
				1911A3351FAD360B0097AB68 /* Base */,
			);
			name = Main.storyboard;
			sourceTree = "<group>";
		};
		1911A3391FAD360C0097AB68 /* LaunchScreen.storyboard */ = {
			isa = PBXVariantGroup;
			children = (
				1911A33A1FAD360C0097AB68 /* Base */,
			);
			name = LaunchScreen.storyboard;
			sourceTree = "<group>";
		};
/* End PBXVariantGroup section */

/* Begin XCBuildConfiguration section */
		1911A33D1FAD360C0097AB68 /* Debug */ = {
			isa = XCBuildConfiguration;
			buildSettings = {
				ALWAYS_SEARCH_USER_PATHS = NO;
				CLANG_ANALYZER_NONNULL = YES;
				CLANG_ANALYZER_NUMBER_OBJECT_CONVERSION = YES_AGGRESSIVE;
				CLANG_CXX_LANGUAGE_STANDARD = "gnu++14";
				CLANG_CXX_LIBRARY = "libc++";
				CLANG_ENABLE_MODULES = YES;
				CLANG_ENABLE_OBJC_ARC = YES;
				CLANG_WARN_BLOCK_CAPTURE_AUTORELEASING = YES;
				CLANG_WARN_BOOL_CONVERSION = YES;
				CLANG_WARN_COMMA = YES;
				CLANG_WARN_CONSTANT_CONVERSION = YES;
				CLANG_WARN_DIRECT_OBJC_ISA_USAGE = YES_ERROR;
				CLANG_WARN_DOCUMENTATION_COMMENTS = YES;
				CLANG_WARN_EMPTY_BODY = YES;
				CLANG_WARN_ENUM_CONVERSION = YES;
				CLANG_WARN_INFINITE_RECURSION = YES;
				CLANG_WARN_INT_CONVERSION = YES;
				CLANG_WARN_NON_LITERAL_NULL_CONVERSION = YES;
				CLANG_WARN_OBJC_LITERAL_CONVERSION = YES;
				CLANG_WARN_OBJC_ROOT_CLASS = YES_ERROR;
				CLANG_WARN_RANGE_LOOP_ANALYSIS = YES;
				CLANG_WARN_STRICT_PROTOTYPES = YES;
				CLANG_WARN_SUSPICIOUS_MOVE = YES;
				CLANG_WARN_UNGUARDED_AVAILABILITY = YES_AGGRESSIVE;
				CLANG_WARN_UNREACHABLE_CODE = YES;
				CLANG_WARN__DUPLICATE_METHOD_MATCH = YES;
				CODE_SIGN_IDENTITY = "iPhone Developer";
				COPY_PHASE_STRIP = NO;
				DEBUG_INFORMATION_FORMAT = dwarf;
				ENABLE_STRICT_OBJC_MSGSEND = YES;
				ENABLE_TESTABILITY = YES;
				GCC_C_LANGUAGE_STANDARD = gnu11;
				GCC_DYNAMIC_NO_PIC = NO;
				GCC_NO_COMMON_BLOCKS = YES;
				GCC_OPTIMIZATION_LEVEL = 0;
				GCC_PREPROCESSOR_DEFINITIONS = (
					"DEBUG=1",
					"$(inherited)",
				);
				GCC_WARN_64_TO_32_BIT_CONVERSION = YES;
				GCC_WARN_ABOUT_RETURN_TYPE = YES_ERROR;
				GCC_WARN_UNDECLARED_SELECTOR = YES;
				GCC_WARN_UNINITIALIZED_AUTOS = YES_AGGRESSIVE;
				GCC_WARN_UNUSED_FUNCTION = YES;
				GCC_WARN_UNUSED_VARIABLE = YES;
				IPHONEOS_DEPLOYMENT_TARGET = 11.1;
				MTL_ENABLE_DEBUG_INFO = YES;
				ONLY_ACTIVE_ARCH = YES;
				SDKROOT = iphoneos;
				SWIFT_ACTIVE_COMPILATION_CONDITIONS = DEBUG;
				SWIFT_OPTIMIZATION_LEVEL = "-Onone";
			};
			name = Debug;
		};
		1911A33E1FAD360C0097AB68 /* Release */ = {
			isa = XCBuildConfiguration;
			buildSettings = {
				ALWAYS_SEARCH_USER_PATHS = NO;
				CLANG_ANALYZER_NONNULL = YES;
				CLANG_ANALYZER_NUMBER_OBJECT_CONVERSION = YES_AGGRESSIVE;
				CLANG_CXX_LANGUAGE_STANDARD = "gnu++14";
				CLANG_CXX_LIBRARY = "libc++";
				CLANG_ENABLE_MODULES = YES;
				CLANG_ENABLE_OBJC_ARC = YES;
				CLANG_WARN_BLOCK_CAPTURE_AUTORELEASING = YES;
				CLANG_WARN_BOOL_CONVERSION = YES;
				CLANG_WARN_COMMA = YES;
				CLANG_WARN_CONSTANT_CONVERSION = YES;
				CLANG_WARN_DIRECT_OBJC_ISA_USAGE = YES_ERROR;
				CLANG_WARN_DOCUMENTATION_COMMENTS = YES;
				CLANG_WARN_EMPTY_BODY = YES;
				CLANG_WARN_ENUM_CONVERSION = YES;
				CLANG_WARN_INFINITE_RECURSION = YES;
				CLANG_WARN_INT_CONVERSION = YES;
				CLANG_WARN_NON_LITERAL_NULL_CONVERSION = YES;
				CLANG_WARN_OBJC_LITERAL_CONVERSION = YES;
				CLANG_WARN_OBJC_ROOT_CLASS = YES_ERROR;
				CLANG_WARN_RANGE_LOOP_ANALYSIS = YES;
				CLANG_WARN_STRICT_PROTOTYPES = YES;
				CLANG_WARN_SUSPICIOUS_MOVE = YES;
				CLANG_WARN_UNGUARDED_AVAILABILITY = YES_AGGRESSIVE;
				CLANG_WARN_UNREACHABLE_CODE = YES;
				CLANG_WARN__DUPLICATE_METHOD_MATCH = YES;
				CODE_SIGN_IDENTITY = "iPhone Developer";
				COPY_PHASE_STRIP = NO;
				DEBUG_INFORMATION_FORMAT = "dwarf-with-dsym";
				ENABLE_NS_ASSERTIONS = NO;
				ENABLE_STRICT_OBJC_MSGSEND = YES;
				GCC_C_LANGUAGE_STANDARD = gnu11;
				GCC_NO_COMMON_BLOCKS = YES;
				GCC_WARN_64_TO_32_BIT_CONVERSION = YES;
				GCC_WARN_ABOUT_RETURN_TYPE = YES_ERROR;
				GCC_WARN_UNDECLARED_SELECTOR = YES;
				GCC_WARN_UNINITIALIZED_AUTOS = YES_AGGRESSIVE;
				GCC_WARN_UNUSED_FUNCTION = YES;
				GCC_WARN_UNUSED_VARIABLE = YES;
				IPHONEOS_DEPLOYMENT_TARGET = 11.1;
				MTL_ENABLE_DEBUG_INFO = NO;
				SDKROOT = iphoneos;
				SWIFT_OPTIMIZATION_LEVEL = "-Owholemodule";
				VALIDATE_PRODUCT = YES;
			};
			name = Release;
		};
		1911A3401FAD360C0097AB68 /* Debug */ = {
			isa = XCBuildConfiguration;
			buildSettings = {
				ASSETCATALOG_COMPILER_APPICON_NAME = AppIcon;
				CODE_SIGN_STYLE = Automatic;
				DEVELOPMENT_TEAM = SSJNP7NYVC;
				INFOPLIST_FILE = KeepInTouch/Info.plist;
				IPHONEOS_DEPLOYMENT_TARGET = 11.0;
				LD_RUNPATH_SEARCH_PATHS = "$(inherited) @executable_path/Frameworks";
				PRODUCT_BUNDLE_IDENTIFIER = "com.Jordan-George.KeepInTouch";
				PRODUCT_NAME = "$(TARGET_NAME)";
				SWIFT_VERSION = 4.0;
				TARGETED_DEVICE_FAMILY = "1,2";
			};
			name = Debug;
		};
		1911A3411FAD360C0097AB68 /* Release */ = {
			isa = XCBuildConfiguration;
			buildSettings = {
				ASSETCATALOG_COMPILER_APPICON_NAME = AppIcon;
				CODE_SIGN_STYLE = Automatic;
				DEVELOPMENT_TEAM = SSJNP7NYVC;
				INFOPLIST_FILE = KeepInTouch/Info.plist;
				IPHONEOS_DEPLOYMENT_TARGET = 11.0;
				LD_RUNPATH_SEARCH_PATHS = "$(inherited) @executable_path/Frameworks";
				PRODUCT_BUNDLE_IDENTIFIER = "com.Jordan-George.KeepInTouch";
				PRODUCT_NAME = "$(TARGET_NAME)";
				SWIFT_VERSION = 4.0;
				TARGETED_DEVICE_FAMILY = "1,2";
			};
			name = Release;
		};
/* End XCBuildConfiguration section */

/* Begin XCConfigurationList section */
		1911A3281FAD360A0097AB68 /* Build configuration list for PBXProject "KeepInTouch" */ = {
			isa = XCConfigurationList;
			buildConfigurations = (
				1911A33D1FAD360C0097AB68 /* Debug */,
				1911A33E1FAD360C0097AB68 /* Release */,
			);
			defaultConfigurationIsVisible = 0;
			defaultConfigurationName = Release;
		};
		1911A33F1FAD360C0097AB68 /* Build configuration list for PBXNativeTarget "KeepInTouch" */ = {
			isa = XCConfigurationList;
			buildConfigurations = (
				1911A3401FAD360C0097AB68 /* Debug */,
				1911A3411FAD360C0097AB68 /* Release */,
			);
			defaultConfigurationIsVisible = 0;
			defaultConfigurationName = Release;
		};
/* End XCConfigurationList section */
	};
	rootObject = 1911A3251FAD360A0097AB68 /* Project object */;
}
